
Microsoft Visual Studio Solution File, Format Version 12.00
# Visual Studio Version 16
VisualStudioVersion = 16.0.30907.101
MinimumVisualStudioVersion = 10.0.40219.1
Project("{FAE04EC0-301F-11D3-BF4B-00C04F79EFBC}") = "DemoRCL", "DemoRCL\DemoRCL.csproj", "{D1B5FED6-C68D-4379-8CCF-FB2E0BB8EA1E}"
EndProject
Project("{FAE04EC0-301F-11D3-BF4B-00C04F79EFBC}") = "DemoRCL.Web", "DemoRCL.Web\DemoRCL.Web.csproj", "{A1200F77-615D-4BA6-985A-EE4E33F27D33}"
EndProject
Global
	GlobalSection(SolutionConfigurationPlatforms) = preSolution
		Debug|Any CPU = Debug|Any CPU
		Release|Any CPU = Release|Any CPU
	EndGlobalSection
	GlobalSection(ProjectConfigurationPlatforms) = postSolution
		{D1B5FED6-C68D-4379-8CCF-FB2E0BB8EA1E}.Debug|Any CPU.ActiveCfg = Debug|Any CPU
		{D1B5FED6-C68D-4379-8CCF-FB2E0BB8EA1E}.Debug|Any CPU.Build.0 = Debug|Any CPU
		{D1B5FED6-C68D-4379-8CCF-FB2E0BB8EA1E}.Release|Any CPU.ActiveCfg = Release|Any CPU
		{D1B5FED6-C68D-4379-8CCF-FB2E0BB8EA1E}.Release|Any CPU.Build.0 = Release|Any CPU
		{A1200F77-615D-4BA6-985A-EE4E33F27D33}.Debug|Any CPU.ActiveCfg = Debug|Any CPU
		{A1200F77-615D-4BA6-985A-EE4E33F27D33}.Debug|Any CPU.Build.0 = Debug|Any CPU
		{A1200F77-615D-4BA6-985A-EE4E33F27D33}.Release|Any CPU.ActiveCfg = Release|Any CPU
		{A1200F77-615D-4BA6-985A-EE4E33F27D33}.Release|Any CPU.Build.0 = Release|Any CPU
	EndGlobalSection
	GlobalSection(SolutionProperties) = preSolution
		HideSolutionNode = FALSE
	EndGlobalSection
	GlobalSection(ExtensibilityGlobals) = postSolution
		SolutionGuid = {D1AD6A4E-E032-4CA9-B04A-1433D2BA694B}
	EndGlobalSection
EndGlobal
